// !$*UTF8*$!
{
	archiveVersion = 1;
	classes = {
	};
	objectVersion = 56;
	objects = {

/* Begin PBXBuildFile section */
		CF000F0C2C74BEC3004019BF /* TaskGroupPreview.swift in Sources */ = {isa = PBXBuildFile; fileRef = CF000F0B2C74BEC3004019BF /* TaskGroupPreview.swift */; };
		CF05B9702C77D9A300E3A84E /* MediaRecord.swift in Sources */ = {isa = PBXBuildFile; fileRef = CF05B96F2C77D9A300E3A84E /* MediaRecord.swift */; };
		CF0602CF2C7118AF00265292 /* MediaGalleryView.swift in Sources */ = {isa = PBXBuildFile; fileRef = CF0602CE2C7118AF00265292 /* MediaGalleryView.swift */; };
		CF0917032C7528EB00E42E1D /* MediaItem.swift in Sources */ = {isa = PBXBuildFile; fileRef = CF0917022C7528EB00E42E1D /* MediaItem.swift */; };
		CF0FE2A22C78A0E00006A273 /* Credits.rtf in Resources */ = {isa = PBXBuildFile; fileRef = CF0FE2A12C78A0E00006A273 /* Credits.rtf */; };
		CF3F6A372C67AA65007079E8 /* UploadView.swift in Sources */ = {isa = PBXBuildFile; fileRef = CF3F6A362C67AA65007079E8 /* UploadView.swift */; };
		CF3F6A392C67AC6B007079E8 /* GalleryView.swift in Sources */ = {isa = PBXBuildFile; fileRef = CF3F6A382C67AC6B007079E8 /* GalleryView.swift */; };
		CF41EDBB2C721D3000A07A59 /* MediaPreview.swift in Sources */ = {isa = PBXBuildFile; fileRef = CF41EDBA2C721D3000A07A59 /* MediaPreview.swift */; };
		CF4449052C6B53DE00191EF1 /* ContentView.swift in Sources */ = {isa = PBXBuildFile; fileRef = CF4449042C6B53DE00191EF1 /* ContentView.swift */; };
		CF4449072C6B63B900191EF1 /* Settings.swift in Sources */ = {isa = PBXBuildFile; fileRef = CF4449062C6B63B900191EF1 /* Settings.swift */; };
		CF44EB932C6D16E9008F461E /* SelectionModel.swift in Sources */ = {isa = PBXBuildFile; fileRef = CF44EB922C6D16E9008F461E /* SelectionModel.swift */; };
		CF68C29F2C6C885A00FF05BF /* MediaViewModel.swift in Sources */ = {isa = PBXBuildFile; fileRef = CF68C29E2C6C885A00FF05BF /* MediaViewModel.swift */; };
		CFD77B132C73A50900AF0D82 /* MediaDetailsView.swift in Sources */ = {isa = PBXBuildFile; fileRef = CFD77B122C73A50900AF0D82 /* MediaDetailsView.swift */; };
		CFD77B162C73A55A00AF0D82 /* UploadTaskView.swift in Sources */ = {isa = PBXBuildFile; fileRef = CFD77B152C73A55A00AF0D82 /* UploadTaskView.swift */; };
		CFD77B182C73A60300AF0D82 /* CollectionView.swift in Sources */ = {isa = PBXBuildFile; fileRef = CFD77B172C73A60300AF0D82 /* CollectionView.swift */; };
		CFD77B1A2C73A65400AF0D82 /* Form_Ext.swift in Sources */ = {isa = PBXBuildFile; fileRef = CFD77B192C73A65400AF0D82 /* Form_Ext.swift */; };
		CFD967592C78BE22007E8275 /* SwiftUIPager in Frameworks */ = {isa = PBXBuildFile; productRef = CFD967582C78BE22007E8275 /* SwiftUIPager */; };
		CFD9675E2C78CC94007E8275 /* WorkshopItem.swift in Sources */ = {isa = PBXBuildFile; fileRef = CFD9675D2C78CC94007E8275 /* WorkshopItem.swift */; };
		CFD967602C78FB52007E8275 /* PageJson.swift in Sources */ = {isa = PBXBuildFile; fileRef = CFD9675F2C78FB52007E8275 /* PageJson.swift */; };
		CFD967632C7905DF007E8275 /* PageController.swift in Sources */ = {isa = PBXBuildFile; fileRef = CFD967622C7905DF007E8275 /* PageController.swift */; };
		CFD967652C790768007E8275 /* GalleryPageView.swift in Sources */ = {isa = PBXBuildFile; fileRef = CFD967642C790768007E8275 /* GalleryPageView.swift */; };
		CFD967682C790858007E8275 /* Kingfisher in Frameworks */ = {isa = PBXBuildFile; productRef = CFD967672C790858007E8275 /* Kingfisher */; };
		CFD9676A2C79087B007E8275 /* WorkshopThumView.swift in Sources */ = {isa = PBXBuildFile; fileRef = CFD967692C79087B007E8275 /* WorkshopThumView.swift */; };
		CFDD8D752C64FA1A0048D9F5 /* OneZeroApp.swift in Sources */ = {isa = PBXBuildFile; fileRef = CFDD8D742C64FA1A0048D9F5 /* OneZeroApp.swift */; };
		CFDD8D792C64FA1B0048D9F5 /* Assets.xcassets in Resources */ = {isa = PBXBuildFile; fileRef = CFDD8D782C64FA1B0048D9F5 /* Assets.xcassets */; };
		CFDD8D7C2C64FA1B0048D9F5 /* Preview Assets.xcassets in Resources */ = {isa = PBXBuildFile; fileRef = CFDD8D7B2C64FA1B0048D9F5 /* Preview Assets.xcassets */; };
		CFDD8D842C64FA5B0048D9F5 /* .gitignore in Resources */ = {isa = PBXBuildFile; fileRef = CFDD8D832C64FA5B0048D9F5 /* .gitignore */; };
		CFDDF5E52C7655F000F258F1 /* WorkshopRecord.swift in Sources */ = {isa = PBXBuildFile; fileRef = CFDDF5E42C7655F000F258F1 /* WorkshopRecord.swift */; };
		CFE12C2A2C6BC08300966529 /* APIService.swift in Sources */ = {isa = PBXBuildFile; fileRef = CFE12C292C6BC08300966529 /* APIService.swift */; };
		CFE227882C6E55350081B1A7 /* Localizable.strings in Resources */ = {isa = PBXBuildFile; fileRef = CFE227862C6E55350081B1A7 /* Localizable.strings */; };
		CFE2278A2C6E69670081B1A7 /* DetailsView.swift in Sources */ = {isa = PBXBuildFile; fileRef = CFE227892C6E69670081B1A7 /* DetailsView.swift */; };
		CFE290D02C6C857000CA3B25 /* MediaThumbView.swift in Sources */ = {isa = PBXBuildFile; fileRef = CFE290CF2C6C857000CA3B25 /* MediaThumbView.swift */; };
		CFE55C602C7A2D8700659E89 /* PagesViewModel.swift in Sources */ = {isa = PBXBuildFile; fileRef = CFE55C5F2C7A2D8700659E89 /* PagesViewModel.swift */; };
		CFE55C622C7A2DE100659E89 /* SubmitFormView.swift in Sources */ = {isa = PBXBuildFile; fileRef = CFE55C612C7A2DE100659E89 /* SubmitFormView.swift */; };
		CFE55C642C7A2E4C00659E89 /* WorkshopPreview.swift in Sources */ = {isa = PBXBuildFile; fileRef = CFE55C632C7A2E4C00659E89 /* WorkshopPreview.swift */; };
		CFE55C662C7A2E6200659E89 /* CoverView.swift in Sources */ = {isa = PBXBuildFile; fileRef = CFE55C652C7A2E6200659E89 /* CoverView.swift */; };
		CFE688A42C6DB16C0081B70E /* AppStatusMenuView.swift in Sources */ = {isa = PBXBuildFile; fileRef = CFE688A32C6DB16C0081B70E /* AppStatusMenuView.swift */; };
		CFE688A72C6DD6B60081B70E /* Uploader.swift in Sources */ = {isa = PBXBuildFile; fileRef = CFE688A62C6DD6B60081B70E /* Uploader.swift */; };
		CFE688AA2C6DF4EA0081B70E /* String_Ext.swift in Sources */ = {isa = PBXBuildFile; fileRef = CFE688A92C6DF4EA0081B70E /* String_Ext.swift */; };
		CFE6C4762C75E6F200B1AD52 /* WorkFormView.swift in Sources */ = {isa = PBXBuildFile; fileRef = CFE6C4752C75E6F200B1AD52 /* WorkFormView.swift */; };
		CFED82772C6F48FF00D7AC89 /* AppViewModel.swift in Sources */ = {isa = PBXBuildFile; fileRef = CFED82762C6F48FF00D7AC89 /* AppViewModel.swift */; };
/* End PBXBuildFile section */

/* Begin PBXFileReference section */
		CF000F0B2C74BEC3004019BF /* TaskGroupPreview.swift */ = {isa = PBXFileReference; lastKnownFileType = sourcecode.swift; path = TaskGroupPreview.swift; sourceTree = "<group>"; };
		CF05B96F2C77D9A300E3A84E /* MediaRecord.swift */ = {isa = PBXFileReference; lastKnownFileType = sourcecode.swift; path = MediaRecord.swift; sourceTree = "<group>"; };
		CF0602CE2C7118AF00265292 /* MediaGalleryView.swift */ = {isa = PBXFileReference; lastKnownFileType = sourcecode.swift; path = MediaGalleryView.swift; sourceTree = "<group>"; };
		CF0917022C7528EB00E42E1D /* MediaItem.swift */ = {isa = PBXFileReference; lastKnownFileType = sourcecode.swift; path = MediaItem.swift; sourceTree = "<group>"; };
		CF0FE2A12C78A0E00006A273 /* Credits.rtf */ = {isa = PBXFileReference; lastKnownFileType = text.rtf; path = Credits.rtf; sourceTree = "<group>"; };
		CF1CF3942C6C720B00D689D0 /* OneZeroDebug.entitlements */ = {isa = PBXFileReference; lastKnownFileType = text.plist.entitlements; path = OneZeroDebug.entitlements; sourceTree = "<group>"; };
		CF3F6A362C67AA65007079E8 /* UploadView.swift */ = {isa = PBXFileReference; lastKnownFileType = sourcecode.swift; path = UploadView.swift; sourceTree = "<group>"; };
		CF3F6A382C67AC6B007079E8 /* GalleryView.swift */ = {isa = PBXFileReference; lastKnownFileType = sourcecode.swift; path = GalleryView.swift; sourceTree = "<group>"; };
		CF41EDBA2C721D3000A07A59 /* MediaPreview.swift */ = {isa = PBXFileReference; lastKnownFileType = sourcecode.swift; path = MediaPreview.swift; sourceTree = "<group>"; };
		CF4449042C6B53DE00191EF1 /* ContentView.swift */ = {isa = PBXFileReference; lastKnownFileType = sourcecode.swift; path = ContentView.swift; sourceTree = "<group>"; };
		CF4449062C6B63B900191EF1 /* Settings.swift */ = {isa = PBXFileReference; lastKnownFileType = sourcecode.swift; path = Settings.swift; sourceTree = "<group>"; };
		CF44EB912C6CEED8008F461E /* Info.plist */ = {isa = PBXFileReference; lastKnownFileType = text.plist.xml; path = Info.plist; sourceTree = "<group>"; };
		CF44EB922C6D16E9008F461E /* SelectionModel.swift */ = {isa = PBXFileReference; lastKnownFileType = sourcecode.swift; path = SelectionModel.swift; sourceTree = "<group>"; };
		CF68C29E2C6C885A00FF05BF /* MediaViewModel.swift */ = {isa = PBXFileReference; lastKnownFileType = sourcecode.swift; path = MediaViewModel.swift; sourceTree = "<group>"; };
		CFD77B122C73A50900AF0D82 /* MediaDetailsView.swift */ = {isa = PBXFileReference; lastKnownFileType = sourcecode.swift; path = MediaDetailsView.swift; sourceTree = "<group>"; };
		CFD77B152C73A55A00AF0D82 /* UploadTaskView.swift */ = {isa = PBXFileReference; lastKnownFileType = sourcecode.swift; path = UploadTaskView.swift; sourceTree = "<group>"; };
		CFD77B172C73A60300AF0D82 /* CollectionView.swift */ = {isa = PBXFileReference; lastKnownFileType = sourcecode.swift; path = CollectionView.swift; sourceTree = "<group>"; };
		CFD77B192C73A65400AF0D82 /* Form_Ext.swift */ = {isa = PBXFileReference; lastKnownFileType = sourcecode.swift; path = Form_Ext.swift; sourceTree = "<group>"; };
		CFD9675D2C78CC94007E8275 /* WorkshopItem.swift */ = {isa = PBXFileReference; lastKnownFileType = sourcecode.swift; path = WorkshopItem.swift; sourceTree = "<group>"; };
		CFD9675F2C78FB52007E8275 /* PageJson.swift */ = {isa = PBXFileReference; lastKnownFileType = sourcecode.swift; path = PageJson.swift; sourceTree = "<group>"; };
		CFD967622C7905DF007E8275 /* PageController.swift */ = {isa = PBXFileReference; lastKnownFileType = sourcecode.swift; path = PageController.swift; sourceTree = "<group>"; };
		CFD967642C790768007E8275 /* GalleryPageView.swift */ = {isa = PBXFileReference; lastKnownFileType = sourcecode.swift; path = GalleryPageView.swift; sourceTree = "<group>"; };
		CFD967692C79087B007E8275 /* WorkshopThumView.swift */ = {isa = PBXFileReference; lastKnownFileType = sourcecode.swift; path = WorkshopThumView.swift; sourceTree = "<group>"; };
		CFDD8D712C64FA1A0048D9F5 /* OneZero.app */ = {isa = PBXFileReference; explicitFileType = wrapper.application; includeInIndex = 0; path = OneZero.app; sourceTree = BUILT_PRODUCTS_DIR; };
		CFDD8D742C64FA1A0048D9F5 /* OneZeroApp.swift */ = {isa = PBXFileReference; lastKnownFileType = sourcecode.swift; path = OneZeroApp.swift; sourceTree = "<group>"; };
		CFDD8D782C64FA1B0048D9F5 /* Assets.xcassets */ = {isa = PBXFileReference; lastKnownFileType = folder.assetcatalog; path = Assets.xcassets; sourceTree = "<group>"; };
		CFDD8D7B2C64FA1B0048D9F5 /* Preview Assets.xcassets */ = {isa = PBXFileReference; lastKnownFileType = folder.assetcatalog; path = "Preview Assets.xcassets"; sourceTree = "<group>"; };
		CFDD8D7D2C64FA1B0048D9F5 /* OneZero.entitlements */ = {isa = PBXFileReference; lastKnownFileType = text.plist.entitlements; path = OneZero.entitlements; sourceTree = "<group>"; };
		CFDD8D832C64FA5B0048D9F5 /* .gitignore */ = {isa = PBXFileReference; lastKnownFileType = text; path = .gitignore; sourceTree = "<group>"; };
		CFDDF5E42C7655F000F258F1 /* WorkshopRecord.swift */ = {isa = PBXFileReference; lastKnownFileType = sourcecode.swift; path = WorkshopRecord.swift; sourceTree = "<group>"; };
		CFE12C292C6BC08300966529 /* APIService.swift */ = {isa = PBXFileReference; lastKnownFileType = sourcecode.swift; path = APIService.swift; sourceTree = "<group>"; };
		CFE227872C6E55350081B1A7 /* zh-Hans */ = {isa = PBXFileReference; lastKnownFileType = text.plist.strings; name = "zh-Hans"; path = Localizable.strings; sourceTree = "<group>"; };
		CFE227892C6E69670081B1A7 /* DetailsView.swift */ = {isa = PBXFileReference; lastKnownFileType = sourcecode.swift; path = DetailsView.swift; sourceTree = "<group>"; };
		CFE290CF2C6C857000CA3B25 /* MediaThumbView.swift */ = {isa = PBXFileReference; lastKnownFileType = sourcecode.swift; path = MediaThumbView.swift; sourceTree = "<group>"; };
		CFE55C5F2C7A2D8700659E89 /* PagesViewModel.swift */ = {isa = PBXFileReference; lastKnownFileType = sourcecode.swift; path = PagesViewModel.swift; sourceTree = "<group>"; };
		CFE55C612C7A2DE100659E89 /* SubmitFormView.swift */ = {isa = PBXFileReference; lastKnownFileType = sourcecode.swift; path = SubmitFormView.swift; sourceTree = "<group>"; };
		CFE55C632C7A2E4C00659E89 /* WorkshopPreview.swift */ = {isa = PBXFileReference; lastKnownFileType = sourcecode.swift; path = WorkshopPreview.swift; sourceTree = "<group>"; };
		CFE55C652C7A2E6200659E89 /* CoverView.swift */ = {isa = PBXFileReference; lastKnownFileType = sourcecode.swift; path = CoverView.swift; sourceTree = "<group>"; };
		CFE688A32C6DB16C0081B70E /* AppStatusMenuView.swift */ = {isa = PBXFileReference; lastKnownFileType = sourcecode.swift; path = AppStatusMenuView.swift; sourceTree = "<group>"; };
		CFE688A62C6DD6B60081B70E /* Uploader.swift */ = {isa = PBXFileReference; lastKnownFileType = sourcecode.swift; path = Uploader.swift; sourceTree = "<group>"; };
		CFE688A92C6DF4EA0081B70E /* String_Ext.swift */ = {isa = PBXFileReference; lastKnownFileType = sourcecode.swift; path = String_Ext.swift; sourceTree = "<group>"; };
		CFE6C4752C75E6F200B1AD52 /* WorkFormView.swift */ = {isa = PBXFileReference; lastKnownFileType = sourcecode.swift; path = WorkFormView.swift; sourceTree = "<group>"; };
		CFED82762C6F48FF00D7AC89 /* AppViewModel.swift */ = {isa = PBXFileReference; lastKnownFileType = sourcecode.swift; path = AppViewModel.swift; sourceTree = "<group>"; };
/* End PBXFileReference section */

/* Begin PBXFrameworksBuildPhase section */
		CFDD8D6E2C64FA1A0048D9F5 /* Frameworks */ = {
			isa = PBXFrameworksBuildPhase;
			buildActionMask = 2147483647;
			files = (
				CFD967682C790858007E8275 /* Kingfisher in Frameworks */,
				CFD967592C78BE22007E8275 /* SwiftUIPager in Frameworks */,
			);
			runOnlyForDeploymentPostprocessing = 0;
		};
/* End PBXFrameworksBuildPhase section */

/* Begin PBXGroup section */
		CF0602CD2C71187100265292 /* Views */ = {
			isa = PBXGroup;
			children = (
				CFD967612C7905CF007E8275 /* Page */,
				CFE6C4742C75E6CC00B1AD52 /* Transaction */,
				CFD77B1D2C73A72000AF0D82 /* Previews */,
				CFD77B142C73A51E00AF0D82 /* Details View */,
				CFE688A32C6DB16C0081B70E /* AppStatusMenuView.swift */,
				CF3F6A382C67AC6B007079E8 /* GalleryView.swift */,
				CF4449042C6B53DE00191EF1 /* ContentView.swift */,
				CFE290CF2C6C857000CA3B25 /* MediaThumbView.swift */,
				CF3F6A362C67AA65007079E8 /* UploadView.swift */,
				CF0602CE2C7118AF00265292 /* MediaGalleryView.swift */,
			);
			path = Views;
			sourceTree = "<group>";
		};
		CFD77B142C73A51E00AF0D82 /* Details View */ = {
			isa = PBXGroup;
			children = (
				CFE227892C6E69670081B1A7 /* DetailsView.swift */,
				CFD77B122C73A50900AF0D82 /* MediaDetailsView.swift */,
				CFD77B152C73A55A00AF0D82 /* UploadTaskView.swift */,
				CFD77B172C73A60300AF0D82 /* CollectionView.swift */,
			);
			path = "Details View";
			sourceTree = "<group>";
		};
		CFD77B1D2C73A72000AF0D82 /* Previews */ = {
			isa = PBXGroup;
			children = (
				CF41EDBA2C721D3000A07A59 /* MediaPreview.swift */,
				CF000F0B2C74BEC3004019BF /* TaskGroupPreview.swift */,
			);
			path = Previews;
			sourceTree = "<group>";
		};
		CFD9675C2C78C990007E8275 /* DB */ = {
			isa = PBXGroup;
			children = (
				CF05B96F2C77D9A300E3A84E /* MediaRecord.swift */,
				CFDDF5E42C7655F000F258F1 /* WorkshopRecord.swift */,
				CFD9675F2C78FB52007E8275 /* PageJson.swift */,
			);
			path = DB;
			sourceTree = "<group>";
		};
		CFD967612C7905CF007E8275 /* Page */ = {
			isa = PBXGroup;
			children = (
				CFD967622C7905DF007E8275 /* PageController.swift */,
				CFD967642C790768007E8275 /* GalleryPageView.swift */,
				CFD967692C79087B007E8275 /* WorkshopThumView.swift */,
				CFE55C632C7A2E4C00659E89 /* WorkshopPreview.swift */,
				CFE55C652C7A2E6200659E89 /* CoverView.swift */,
			);
			path = Page;
			sourceTree = "<group>";
		};
		CFDD8D682C64FA190048D9F5 = {
			isa = PBXGroup;
			children = (
				CFDD8D832C64FA5B0048D9F5 /* .gitignore */,
				CFDD8D732C64FA1A0048D9F5 /* OneZero */,
				CFDD8D722C64FA1A0048D9F5 /* Products */,
			);
			sourceTree = "<group>";
		};
		CFDD8D722C64FA1A0048D9F5 /* Products */ = {
			isa = PBXGroup;
			children = (
				CFDD8D712C64FA1A0048D9F5 /* OneZero.app */,
			);
			name = Products;
			sourceTree = "<group>";
		};
		CFDD8D732C64FA1A0048D9F5 /* OneZero */ = {
			isa = PBXGroup;
			children = (
				CF44EB912C6CEED8008F461E /* Info.plist */,
				CF1CF3942C6C720B00D689D0 /* OneZeroDebug.entitlements */,
				CFDD8D7D2C64FA1B0048D9F5 /* OneZero.entitlements */,
				CFE227852C6E55190081B1A7 /* zh-Hans.lproj */,
				CF0FE2A12C78A0E00006A273 /* Credits.rtf */,
				CFDD8D782C64FA1B0048D9F5 /* Assets.xcassets */,
				CFDD8D7A2C64FA1B0048D9F5 /* Preview Content */,
				CFE688A82C6DF4DD0081B70E /* Extension */,
				CF0602CD2C71187100265292 /* Views */,
				CFE290D12C6C879500CA3B25 /* Models */,
				CFDD8D742C64FA1A0048D9F5 /* OneZeroApp.swift */,
				CFE12C292C6BC08300966529 /* APIService.swift */,
				CF4449062C6B63B900191EF1 /* Settings.swift */,
			);
			path = OneZero;
			sourceTree = "<group>";
		};
		CFDD8D7A2C64FA1B0048D9F5 /* Preview Content */ = {
			isa = PBXGroup;
			children = (
				CFDD8D7B2C64FA1B0048D9F5 /* Preview Assets.xcassets */,
			);
			path = "Preview Content";
			sourceTree = "<group>";
		};
		CFE227852C6E55190081B1A7 /* zh-Hans.lproj */ = {
			isa = PBXGroup;
			children = (
				CFE227862C6E55350081B1A7 /* Localizable.strings */,
			);
			path = "zh-Hans.lproj";
			sourceTree = "<group>";
		};
		CFE290D12C6C879500CA3B25 /* Models */ = {
			isa = PBXGroup;
			children = (
				CFD9675C2C78C990007E8275 /* DB */,
				CF68C29E2C6C885A00FF05BF /* MediaViewModel.swift */,
				CF0917022C7528EB00E42E1D /* MediaItem.swift */,
				CF44EB922C6D16E9008F461E /* SelectionModel.swift */,
				CFE688A62C6DD6B60081B70E /* Uploader.swift */,
				CFED82762C6F48FF00D7AC89 /* AppViewModel.swift */,
				CFD9675D2C78CC94007E8275 /* WorkshopItem.swift */,
				CFE55C5F2C7A2D8700659E89 /* PagesViewModel.swift */,
			);
			path = Models;
			sourceTree = "<group>";
		};
		CFE688A82C6DF4DD0081B70E /* Extension */ = {
			isa = PBXGroup;
			children = (
				CFE688A92C6DF4EA0081B70E /* String_Ext.swift */,
				CFD77B192C73A65400AF0D82 /* Form_Ext.swift */,
			);
			path = Extension;
			sourceTree = "<group>";
		};
		CFE6C4742C75E6CC00B1AD52 /* Transaction */ = {
			isa = PBXGroup;
			children = (
				CFE6C4752C75E6F200B1AD52 /* WorkFormView.swift */,
				CFE55C612C7A2DE100659E89 /* SubmitFormView.swift */,
			);
			path = Transaction;
			sourceTree = "<group>";
		};
/* End PBXGroup section */

/* Begin PBXNativeTarget section */
		CFDD8D702C64FA1A0048D9F5 /* OneZero */ = {
			isa = PBXNativeTarget;
			buildConfigurationList = CFDD8D802C64FA1B0048D9F5 /* Build configuration list for PBXNativeTarget "OneZero" */;
			buildPhases = (
				CFDD8D6D2C64FA1A0048D9F5 /* Sources */,
				CFDD8D6E2C64FA1A0048D9F5 /* Frameworks */,
				CFDD8D6F2C64FA1A0048D9F5 /* Resources */,
			);
			buildRules = (
			);
			dependencies = (
			);
			name = OneZero;
			packageProductDependencies = (
				CFD967582C78BE22007E8275 /* SwiftUIPager */,
				CFD967672C790858007E8275 /* Kingfisher */,
			);
			productName = OneZero;
			productReference = CFDD8D712C64FA1A0048D9F5 /* OneZero.app */;
			productType = "com.apple.product-type.application";
		};
/* End PBXNativeTarget section */

/* Begin PBXProject section */
		CFDD8D692C64FA190048D9F5 /* Project object */ = {
			isa = PBXProject;
			attributes = {
				BuildIndependentTargetsInParallel = 1;
				LastSwiftUpdateCheck = 1430;
				LastUpgradeCheck = 1430;
				TargetAttributes = {
					CFDD8D702C64FA1A0048D9F5 = {
						CreatedOnToolsVersion = 14.3.1;
					};
				};
			};
			buildConfigurationList = CFDD8D6C2C64FA190048D9F5 /* Build configuration list for PBXProject "OneZero" */;
			compatibilityVersion = "Xcode 14.0";
			developmentRegion = "zh-Hans";
			hasScannedForEncodings = 0;
			knownRegions = (
				en,
				Base,
				"zh-Hans",
			);
			mainGroup = CFDD8D682C64FA190048D9F5;
			packageReferences = (
				CFD967572C78BE22007E8275 /* XCRemoteSwiftPackageReference "SwiftUIPager" */,
				CFD967662C790858007E8275 /* XCRemoteSwiftPackageReference "Kingfisher" */,
			);
			productRefGroup = CFDD8D722C64FA1A0048D9F5 /* Products */;
			projectDirPath = "";
			projectRoot = "";
			targets = (
				CFDD8D702C64FA1A0048D9F5 /* OneZero */,
			);
		};
/* End PBXProject section */

/* Begin PBXResourcesBuildPhase section */
		CFDD8D6F2C64FA1A0048D9F5 /* Resources */ = {
			isa = PBXResourcesBuildPhase;
			buildActionMask = 2147483647;
			files = (
				CF0FE2A22C78A0E00006A273 /* Credits.rtf in Resources */,
				CFDD8D7C2C64FA1B0048D9F5 /* Preview Assets.xcassets in Resources */,
				CFE227882C6E55350081B1A7 /* Localizable.strings in Resources */,
				CFDD8D842C64FA5B0048D9F5 /* .gitignore in Resources */,
				CFDD8D792C64FA1B0048D9F5 /* Assets.xcassets in Resources */,
			);
			runOnlyForDeploymentPostprocessing = 0;
		};
/* End PBXResourcesBuildPhase section */

/* Begin PBXSourcesBuildPhase section */
		CFDD8D6D2C64FA1A0048D9F5 /* Sources */ = {
			isa = PBXSourcesBuildPhase;
			buildActionMask = 2147483647;
			files = (
				CFE688AA2C6DF4EA0081B70E /* String_Ext.swift in Sources */,
				CFE688A72C6DD6B60081B70E /* Uploader.swift in Sources */,
				CFD967652C790768007E8275 /* GalleryPageView.swift in Sources */,
				CF41EDBB2C721D3000A07A59 /* MediaPreview.swift in Sources */,
				CFE6C4762C75E6F200B1AD52 /* WorkFormView.swift in Sources */,
				CFD77B162C73A55A00AF0D82 /* UploadTaskView.swift in Sources */,
				CFE55C602C7A2D8700659E89 /* PagesViewModel.swift in Sources */,
				CF000F0C2C74BEC3004019BF /* TaskGroupPreview.swift in Sources */,
				CFD967602C78FB52007E8275 /* PageJson.swift in Sources */,
				CFD77B1A2C73A65400AF0D82 /* Form_Ext.swift in Sources */,
				CF0602CF2C7118AF00265292 /* MediaGalleryView.swift in Sources */,
				CFDD8D752C64FA1A0048D9F5 /* OneZeroApp.swift in Sources */,
				CFDDF5E52C7655F000F258F1 /* WorkshopRecord.swift in Sources */,
				CFE688A42C6DB16C0081B70E /* AppStatusMenuView.swift in Sources */,
				CFD9675E2C78CC94007E8275 /* WorkshopItem.swift in Sources */,
				CFED82772C6F48FF00D7AC89 /* AppViewModel.swift in Sources */,
				CF0917032C7528EB00E42E1D /* MediaItem.swift in Sources */,
				CFD77B182C73A60300AF0D82 /* CollectionView.swift in Sources */,
				CF3F6A392C67AC6B007079E8 /* GalleryView.swift in Sources */,
				CFD77B132C73A50900AF0D82 /* MediaDetailsView.swift in Sources */,
				CF4449052C6B53DE00191EF1 /* ContentView.swift in Sources */,
				CFE55C642C7A2E4C00659E89 /* WorkshopPreview.swift in Sources */,
				CFE2278A2C6E69670081B1A7 /* DetailsView.swift in Sources */,
				CF68C29F2C6C885A00FF05BF /* MediaViewModel.swift in Sources */,
				CFE290D02C6C857000CA3B25 /* MediaThumbView.swift in Sources */,
				CFD9676A2C79087B007E8275 /* WorkshopThumView.swift in Sources */,
				CFE55C622C7A2DE100659E89 /* SubmitFormView.swift in Sources */,
				CF44EB932C6D16E9008F461E /* SelectionModel.swift in Sources */,
				CF05B9702C77D9A300E3A84E /* MediaRecord.swift in Sources */,
				CFD967632C7905DF007E8275 /* PageController.swift in Sources */,
				CFE55C662C7A2E6200659E89 /* CoverView.swift in Sources */,
				CF3F6A372C67AA65007079E8 /* UploadView.swift in Sources */,
				CFE12C2A2C6BC08300966529 /* APIService.swift in Sources */,
				CF4449072C6B63B900191EF1 /* Settings.swift in Sources */,
			);
			runOnlyForDeploymentPostprocessing = 0;
		};
/* End PBXSourcesBuildPhase section */

/* Begin PBXVariantGroup section */
		CFE227862C6E55350081B1A7 /* Localizable.strings */ = {
			isa = PBXVariantGroup;
			children = (
				CFE227872C6E55350081B1A7 /* zh-Hans */,
			);
			name = Localizable.strings;
			sourceTree = "<group>";
		};
/* End PBXVariantGroup section */

/* Begin XCBuildConfiguration section */
		CFDD8D7E2C64FA1B0048D9F5 /* Debug */ = {
			isa = XCBuildConfiguration;
			buildSettings = {
				ALWAYS_SEARCH_USER_PATHS = NO;
				CLANG_ANALYZER_NONNULL = YES;
				CLANG_ANALYZER_NUMBER_OBJECT_CONVERSION = YES_AGGRESSIVE;
				CLANG_CXX_LANGUAGE_STANDARD = "gnu++20";
				CLANG_ENABLE_MODULES = YES;
				CLANG_ENABLE_OBJC_ARC = YES;
				CLANG_ENABLE_OBJC_WEAK = YES;
				CLANG_WARN_BLOCK_CAPTURE_AUTORELEASING = YES;
				CLANG_WARN_BOOL_CONVERSION = YES;
				CLANG_WARN_COMMA = YES;
				CLANG_WARN_CONSTANT_CONVERSION = YES;
				CLANG_WARN_DEPRECATED_OBJC_IMPLEMENTATIONS = YES;
				CLANG_WARN_DIRECT_OBJC_ISA_USAGE = YES_ERROR;
				CLANG_WARN_DOCUMENTATION_COMMENTS = YES;
				CLANG_WARN_EMPTY_BODY = YES;
				CLANG_WARN_ENUM_CONVERSION = YES;
				CLANG_WARN_INFINITE_RECURSION = YES;
				CLANG_WARN_INT_CONVERSION = YES;
				CLANG_WARN_NON_LITERAL_NULL_CONVERSION = YES;
				CLANG_WARN_OBJC_IMPLICIT_RETAIN_SELF = YES;
				CLANG_WARN_OBJC_LITERAL_CONVERSION = YES;
				CLANG_WARN_OBJC_ROOT_CLASS = YES_ERROR;
				CLANG_WARN_QUOTED_INCLUDE_IN_FRAMEWORK_HEADER = YES;
				CLANG_WARN_RANGE_LOOP_ANALYSIS = YES;
				CLANG_WARN_STRICT_PROTOTYPES = YES;
				CLANG_WARN_SUSPICIOUS_MOVE = YES;
				CLANG_WARN_UNGUARDED_AVAILABILITY = YES_AGGRESSIVE;
				CLANG_WARN_UNREACHABLE_CODE = YES;
				CLANG_WARN__DUPLICATE_METHOD_MATCH = YES;
				COPY_PHASE_STRIP = NO;
				DEBUG_INFORMATION_FORMAT = dwarf;
				ENABLE_STRICT_OBJC_MSGSEND = YES;
				ENABLE_TESTABILITY = YES;
				GCC_C_LANGUAGE_STANDARD = gnu11;
				GCC_DYNAMIC_NO_PIC = NO;
				GCC_NO_COMMON_BLOCKS = YES;
				GCC_OPTIMIZATION_LEVEL = 0;
				GCC_PREPROCESSOR_DEFINITIONS = (
					"DEBUG=1",
					"$(inherited)",
				);
				GCC_WARN_64_TO_32_BIT_CONVERSION = YES;
				GCC_WARN_ABOUT_RETURN_TYPE = YES_ERROR;
				GCC_WARN_UNDECLARED_SELECTOR = YES;
				GCC_WARN_UNINITIALIZED_AUTOS = YES_AGGRESSIVE;
				GCC_WARN_UNUSED_FUNCTION = YES;
				GCC_WARN_UNUSED_VARIABLE = YES;
				INSTALL_PATH = /Applications;
				IPHONEOS_DEPLOYMENT_TARGET = 16.0;
				MACOSX_DEPLOYMENT_TARGET = "$(RECOMMENDED_MACOSX_DEPLOYMENT_TARGET)";
				MTL_ENABLE_DEBUG_INFO = INCLUDE_SOURCE;
				MTL_FAST_MATH = YES;
				ONLY_ACTIVE_ARCH = YES;
				SDKROOT = macosx;
				SUPPORTED_PLATFORMS = macosx;
				SWIFT_ACTIVE_COMPILATION_CONDITIONS = DEBUG;
				SWIFT_OPTIMIZATION_LEVEL = "-Onone";
			};
			name = Debug;
		};
		CFDD8D7F2C64FA1B0048D9F5 /* Release */ = {
			isa = XCBuildConfiguration;
			buildSettings = {
				ALWAYS_SEARCH_USER_PATHS = NO;
				CLANG_ANALYZER_NONNULL = YES;
				CLANG_ANALYZER_NUMBER_OBJECT_CONVERSION = YES_AGGRESSIVE;
				CLANG_CXX_LANGUAGE_STANDARD = "gnu++20";
				CLANG_ENABLE_MODULES = YES;
				CLANG_ENABLE_OBJC_ARC = YES;
				CLANG_ENABLE_OBJC_WEAK = YES;
				CLANG_WARN_BLOCK_CAPTURE_AUTORELEASING = YES;
				CLANG_WARN_BOOL_CONVERSION = YES;
				CLANG_WARN_COMMA = YES;
				CLANG_WARN_CONSTANT_CONVERSION = YES;
				CLANG_WARN_DEPRECATED_OBJC_IMPLEMENTATIONS = YES;
				CLANG_WARN_DIRECT_OBJC_ISA_USAGE = YES_ERROR;
				CLANG_WARN_DOCUMENTATION_COMMENTS = YES;
				CLANG_WARN_EMPTY_BODY = YES;
				CLANG_WARN_ENUM_CONVERSION = YES;
				CLANG_WARN_INFINITE_RECURSION = YES;
				CLANG_WARN_INT_CONVERSION = YES;
				CLANG_WARN_NON_LITERAL_NULL_CONVERSION = YES;
				CLANG_WARN_OBJC_IMPLICIT_RETAIN_SELF = YES;
				CLANG_WARN_OBJC_LITERAL_CONVERSION = YES;
				CLANG_WARN_OBJC_ROOT_CLASS = YES_ERROR;
				CLANG_WARN_QUOTED_INCLUDE_IN_FRAMEWORK_HEADER = YES;
				CLANG_WARN_RANGE_LOOP_ANALYSIS = YES;
				CLANG_WARN_STRICT_PROTOTYPES = YES;
				CLANG_WARN_SUSPICIOUS_MOVE = YES;
				CLANG_WARN_UNGUARDED_AVAILABILITY = YES_AGGRESSIVE;
				CLANG_WARN_UNREACHABLE_CODE = YES;
				CLANG_WARN__DUPLICATE_METHOD_MATCH = YES;
				COPY_PHASE_STRIP = NO;
				DEBUG_INFORMATION_FORMAT = "dwarf-with-dsym";
				ENABLE_NS_ASSERTIONS = NO;
				ENABLE_STRICT_OBJC_MSGSEND = YES;
				GCC_C_LANGUAGE_STANDARD = gnu11;
				GCC_NO_COMMON_BLOCKS = YES;
				GCC_WARN_64_TO_32_BIT_CONVERSION = YES;
				GCC_WARN_ABOUT_RETURN_TYPE = YES_ERROR;
				GCC_WARN_UNDECLARED_SELECTOR = YES;
				GCC_WARN_UNINITIALIZED_AUTOS = YES_AGGRESSIVE;
				GCC_WARN_UNUSED_FUNCTION = YES;
				GCC_WARN_UNUSED_VARIABLE = YES;
				INSTALL_PATH = /Applications;
				IPHONEOS_DEPLOYMENT_TARGET = 16.0;
				MACOSX_DEPLOYMENT_TARGET = "$(RECOMMENDED_MACOSX_DEPLOYMENT_TARGET)";
				MTL_ENABLE_DEBUG_INFO = NO;
				MTL_FAST_MATH = YES;
				SDKROOT = macosx;
				SUPPORTED_PLATFORMS = macosx;
				SWIFT_COMPILATION_MODE = wholemodule;
				SWIFT_OPTIMIZATION_LEVEL = "-O";
			};
			name = Release;
		};
		CFDD8D812C64FA1B0048D9F5 /* Debug */ = {
			isa = XCBuildConfiguration;
			buildSettings = {
				ASSETCATALOG_COMPILER_APPICON_NAME = AppIcon;
				ASSETCATALOG_COMPILER_GLOBAL_ACCENT_COLOR_NAME = AccentColor;
				CODE_SIGN_ENTITLEMENTS = OneZero/OneZeroDebug.entitlements;
				CODE_SIGN_STYLE = Automatic;
				COMBINE_HIDPI_IMAGES = YES;
				CURRENT_PROJECT_VERSION = 1;
				DEVELOPMENT_ASSET_PATHS = "\"OneZero/Preview Content\"";
				DEVELOPMENT_TEAM = GY29NY469M;
				ENABLE_HARDENED_RUNTIME = YES;
				ENABLE_PREVIEWS = YES;
				GENERATE_INFOPLIST_FILE = YES;
				INFOPLIST_FILE = OneZero/Info.plist;
				INFOPLIST_KEY_NSHumanReadableCopyright = "";
				IPHONEOS_DEPLOYMENT_TARGET = 16.0;
				LD_RUNPATH_SEARCH_PATHS = (
					"$(inherited)",
					"@executable_path/../Frameworks",
				);
				MACOSX_DEPLOYMENT_TARGET = 13.0;
				MARKETING_VERSION = 1.0;
				PRODUCT_BUNDLE_IDENTIFIER = Paramecium.OneZero;
				PRODUCT_NAME = "$(TARGET_NAME)";
				SUPPORTED_PLATFORMS = "iphoneos iphonesimulator macosx";
				SUPPORTS_MACCATALYST = NO;
				SUPPORTS_MAC_DESIGNED_FOR_IPHONE_IPAD = NO;
				SWIFT_EMIT_LOC_STRINGS = YES;
				SWIFT_VERSION = 5.0;
				TARGETED_DEVICE_FAMILY = 1;
			};
			name = Debug;
		};
		CFDD8D822C64FA1B0048D9F5 /* Release */ = {
			isa = XCBuildConfiguration;
			buildSettings = {
				ASSETCATALOG_COMPILER_APPICON_NAME = AppIcon;
				ASSETCATALOG_COMPILER_GLOBAL_ACCENT_COLOR_NAME = AccentColor;
				CODE_SIGN_ENTITLEMENTS = OneZero/OneZero.entitlements;
				CODE_SIGN_STYLE = Automatic;
				COMBINE_HIDPI_IMAGES = YES;
				CURRENT_PROJECT_VERSION = 1;
				DEVELOPMENT_ASSET_PATHS = "\"OneZero/Preview Content\"";
				DEVELOPMENT_TEAM = GY29NY469M;
				ENABLE_HARDENED_RUNTIME = YES;
				ENABLE_PREVIEWS = YES;
				GENERATE_INFOPLIST_FILE = YES;
				INFOPLIST_FILE = OneZero/Info.plist;
				INFOPLIST_KEY_NSHumanReadableCopyright = "";
				IPHONEOS_DEPLOYMENT_TARGET = 16.0;
				LD_RUNPATH_SEARCH_PATHS = (
					"$(inherited)",
					"@executable_path/../Frameworks",
				);
				MACOSX_DEPLOYMENT_TARGET = 13.0;
				MARKETING_VERSION = 1.0;
				PRODUCT_BUNDLE_IDENTIFIER = Paramecium.OneZero;
				PRODUCT_NAME = "$(TARGET_NAME)";
				SUPPORTED_PLATFORMS = "iphoneos iphonesimulator macosx";
				SUPPORTS_MACCATALYST = NO;
				SUPPORTS_MAC_DESIGNED_FOR_IPHONE_IPAD = NO;
				SWIFT_EMIT_LOC_STRINGS = YES;
				SWIFT_VERSION = 5.0;
				SYMROOT = build;
				TARGETED_DEVICE_FAMILY = 1;
			};
			name = Release;
		};
/* End XCBuildConfiguration section */

/* Begin XCConfigurationList section */
		CFDD8D6C2C64FA190048D9F5 /* Build configuration list for PBXProject "OneZero" */ = {
			isa = XCConfigurationList;
			buildConfigurations = (
				CFDD8D7E2C64FA1B0048D9F5 /* Debug */,
				CFDD8D7F2C64FA1B0048D9F5 /* Release */,
			);
			defaultConfigurationIsVisible = 0;
			defaultConfigurationName = Release;
		};
		CFDD8D802C64FA1B0048D9F5 /* Build configuration list for PBXNativeTarget "OneZero" */ = {
			isa = XCConfigurationList;
			buildConfigurations = (
				CFDD8D812C64FA1B0048D9F5 /* Debug */,
				CFDD8D822C64FA1B0048D9F5 /* Release */,
			);
			defaultConfigurationIsVisible = 0;
			defaultConfigurationName = Release;
		};
/* End XCConfigurationList section */

/* Begin XCRemoteSwiftPackageReference section */
		CFD967572C78BE22007E8275 /* XCRemoteSwiftPackageReference "SwiftUIPager" */ = {
			isa = XCRemoteSwiftPackageReference;
			repositoryURL = "https://github.com/fermoya/SwiftUIPager.git";
			requirement = {
				kind = upToNextMajorVersion;
				minimumVersion = 2.0.0;
			};
		};
		CFD967662C790858007E8275 /* XCRemoteSwiftPackageReference "Kingfisher" */ = {
			isa = XCRemoteSwiftPackageReference;
			repositoryURL = "https://github.com/onevcat/Kingfisher.git";
			requirement = {
				kind = upToNextMajorVersion;
				minimumVersion = 7.0.0;
			};
		};
/* End XCRemoteSwiftPackageReference section */

/* Begin XCSwiftPackageProductDependency section */
		CFD967582C78BE22007E8275 /* SwiftUIPager */ = {
			isa = XCSwiftPackageProductDependency;
			package = CFD967572C78BE22007E8275 /* XCRemoteSwiftPackageReference "SwiftUIPager" */;
			productName = SwiftUIPager;
		};
		CFD967672C790858007E8275 /* Kingfisher */ = {
			isa = XCSwiftPackageProductDependency;
			package = CFD967662C790858007E8275 /* XCRemoteSwiftPackageReference "Kingfisher" */;
			productName = Kingfisher;
		};
/* End XCSwiftPackageProductDependency section */
	};
	rootObject = CFDD8D692C64FA190048D9F5 /* Project object */;
}
